PODS:
  - Alamofire (4.5.1)
  - FootballData (0.1.0)

DEPENDENCIES:
  - Alamofire (~> 4.5)
  - FootballData (from `../`)

EXTERNAL SOURCES:
  FootballData:
    :path: "../"

SPEC CHECKSUMS:
  Alamofire: 2d95912bf4c34f164fdfc335872e8c312acaea4a
  FootballData: 369b0b0f471318122ca934f531fc7302d427caf9

PODFILE CHECKSUM: 80ecb49dffa9fa320e98772ed75a1e4250a4a172

COCOAPODS: 1.2.1
